
Microsoft Visual Studio Solution File, Format Version 12.00
# Visual Studio Version 17
VisualStudioVersion = 17.4.33205.214
MinimumVisualStudioVersion = 10.0.40219.1
Project("{FAE04EC0-301F-11D3-BF4B-00C04F79EFBC}") = "BingoBingo", "BingoBingo\BingoBingo.csproj", "{2B95E939-4DA6-4527-9E9E-B629D4FD6957}"
EndProject
Global
	GlobalSection(SolutionConfigurationPlatforms) = preSolution
		Debug|Any CPU = Debug|Any CPU
		Release|Any CPU = Release|Any CPU
	EndGlobalSection
	GlobalSection(ProjectConfigurationPlatforms) = postSolution
		{2B95E939-4DA6-4527-9E9E-B629D4FD6957}.Debug|Any CPU.ActiveCfg = Debug|Any CPU
		{2B95E939-4DA6-4527-9E9E-B629D4FD6957}.Debug|Any CPU.Build.0 = Debug|Any CPU
		{2B95E939-4DA6-4527-9E9E-B629D4FD6957}.Release|Any CPU.ActiveCfg = Release|Any CPU
		{2B95E939-4DA6-4527-9E9E-B629D4FD6957}.Release|Any CPU.Build.0 = Release|Any CPU
	EndGlobalSection
	GlobalSection(SolutionProperties) = preSolution
		HideSolutionNode = FALSE
	EndGlobalSection
	GlobalSection(ExtensibilityGlobals) = postSolution
		SolutionGuid = {C96F8D97-40C4-4330-BDB3-6C72F39C7A3F}
	EndGlobalSection
EndGlobal
